
Microsoft Visual Studio Solution File, Format Version 12.00
# Visual Studio Version 16
VisualStudioVersion = 16.0.29418.71
MinimumVisualStudioVersion = 10.0.40219.1
Project("{FAE04EC0-301F-11D3-BF4B-00C04F79EFBC}") = "SearchName", "SearchName.csproj", "{AA2974DC-B965-4FDB-BA84-45F45DB06617}"
EndProject
Global
	GlobalSection(SolutionConfigurationPlatforms) = preSolution
		Debug|Any CPU = Debug|Any CPU
		Release|Any CPU = Release|Any CPU
	EndGlobalSection
	GlobalSection(ProjectConfigurationPlatforms) = postSolution
		{AA2974DC-B965-4FDB-BA84-45F45DB06617}.Debug|Any CPU.ActiveCfg = Debug|Any CPU
		{AA2974DC-B965-4FDB-BA84-45F45DB06617}.Debug|Any CPU.Build.0 = Debug|Any CPU
		{AA2974DC-B965-4FDB-BA84-45F45DB06617}.Release|Any CPU.ActiveCfg = Release|Any CPU
		{AA2974DC-B965-4FDB-BA84-45F45DB06617}.Release|Any CPU.Build.0 = Release|Any CPU
	EndGlobalSection
	GlobalSection(SolutionProperties) = preSolution
		HideSolutionNode = FALSE
	EndGlobalSection
	GlobalSection(ExtensibilityGlobals) = postSolution
		SolutionGuid = {B56E8CCA-CB67-4FEF-993B-CE9672C49D77}
	EndGlobalSection
EndGlobal
